
Microsoft Visual Studio Solution File, Format Version 12.00
# Visual Studio Version 16
VisualStudioVersion = 16.0.31321.278
MinimumVisualStudioVersion = 10.0.40219.1
Project("{8BC9CEB8-8B4A-11D0-8D11-00A0C91BC942}") = "Find_kth_smallest_element_BST", "Find_kth_smallest_element_BST\Find_kth_smallest_element_BST.vcxproj", "{656696C4-2E49-4AC5-97A7-FC2BBFD4B3D9}"
EndProject
Global
	GlobalSection(SolutionConfigurationPlatforms) = preSolution
		Debug|x64 = Debug|x64
		Debug|x86 = Debug|x86
		Release|x64 = Release|x64
		Release|x86 = Release|x86
	EndGlobalSection
	GlobalSection(ProjectConfigurationPlatforms) = postSolution
		{656696C4-2E49-4AC5-97A7-FC2BBFD4B3D9}.Debug|x64.ActiveCfg = Debug|x64
		{656696C4-2E49-4AC5-97A7-FC2BBFD4B3D9}.Debug|x64.Build.0 = Debug|x64
		{656696C4-2E49-4AC5-97A7-FC2BBFD4B3D9}.Debug|x86.ActiveCfg = Debug|Win32
		{656696C4-2E49-4AC5-97A7-FC2BBFD4B3D9}.Debug|x86.Build.0 = Debug|Win32
		{656696C4-2E49-4AC5-97A7-FC2BBFD4B3D9}.Release|x64.ActiveCfg = Release|x64
		{656696C4-2E49-4AC5-97A7-FC2BBFD4B3D9}.Release|x64.Build.0 = Release|x64
		{656696C4-2E49-4AC5-97A7-FC2BBFD4B3D9}.Release|x86.ActiveCfg = Release|Win32
		{656696C4-2E49-4AC5-97A7-FC2BBFD4B3D9}.Release|x86.Build.0 = Release|Win32
	EndGlobalSection
	GlobalSection(SolutionProperties) = preSolution
		HideSolutionNode = FALSE
	EndGlobalSection
	GlobalSection(ExtensibilityGlobals) = postSolution
		SolutionGuid = {4D66598B-2E7F-40EE-BF61-90B05E359FFD}
	EndGlobalSection
EndGlobal
