
Microsoft Visual Studio Solution File, Format Version 12.00
# Visual Studio Version 16
VisualStudioVersion = 16.0.31321.278
MinimumVisualStudioVersion = 10.0.40219.1
Project("{8BC9CEB8-8B4A-11D0-8D11-00A0C91BC942}") = "My_quick_sort", "My_quick_sort\My_quick_sort.vcxproj", "{24AD1A60-E84D-449E-8A6D-EEBE4D64D51A}"
EndProject
Global
	GlobalSection(SolutionConfigurationPlatforms) = preSolution
		Debug|x64 = Debug|x64
		Debug|x86 = Debug|x86
		Release|x64 = Release|x64
		Release|x86 = Release|x86
	EndGlobalSection
	GlobalSection(ProjectConfigurationPlatforms) = postSolution
		{24AD1A60-E84D-449E-8A6D-EEBE4D64D51A}.Debug|x64.ActiveCfg = Debug|x64
		{24AD1A60-E84D-449E-8A6D-EEBE4D64D51A}.Debug|x64.Build.0 = Debug|x64
		{24AD1A60-E84D-449E-8A6D-EEBE4D64D51A}.Debug|x86.ActiveCfg = Debug|Win32
		{24AD1A60-E84D-449E-8A6D-EEBE4D64D51A}.Debug|x86.Build.0 = Debug|Win32
		{24AD1A60-E84D-449E-8A6D-EEBE4D64D51A}.Release|x64.ActiveCfg = Release|x64
		{24AD1A60-E84D-449E-8A6D-EEBE4D64D51A}.Release|x64.Build.0 = Release|x64
		{24AD1A60-E84D-449E-8A6D-EEBE4D64D51A}.Release|x86.ActiveCfg = Release|Win32
		{24AD1A60-E84D-449E-8A6D-EEBE4D64D51A}.Release|x86.Build.0 = Release|Win32
	EndGlobalSection
	GlobalSection(SolutionProperties) = preSolution
		HideSolutionNode = FALSE
	EndGlobalSection
	GlobalSection(ExtensibilityGlobals) = postSolution
		SolutionGuid = {48356E99-4C09-4D0C-95D5-5BDB4D2C72AF}
	EndGlobalSection
EndGlobal
