
Microsoft Visual Studio Solution File, Format Version 12.00
# Visual Studio Version 16
VisualStudioVersion = 16.0.31321.278
MinimumVisualStudioVersion = 10.0.40219.1
Project("{8BC9CEB8-8B4A-11D0-8D11-00A0C91BC942}") = "Rotate_list", "Rotate_list\Rotate_list.vcxproj", "{EC674F02-4598-404C-B669-B49CED715DE0}"
EndProject
Global
	GlobalSection(SolutionConfigurationPlatforms) = preSolution
		Debug|x64 = Debug|x64
		Debug|x86 = Debug|x86
		Release|x64 = Release|x64
		Release|x86 = Release|x86
	EndGlobalSection
	GlobalSection(ProjectConfigurationPlatforms) = postSolution
		{EC674F02-4598-404C-B669-B49CED715DE0}.Debug|x64.ActiveCfg = Debug|x64
		{EC674F02-4598-404C-B669-B49CED715DE0}.Debug|x64.Build.0 = Debug|x64
		{EC674F02-4598-404C-B669-B49CED715DE0}.Debug|x86.ActiveCfg = Debug|Win32
		{EC674F02-4598-404C-B669-B49CED715DE0}.Debug|x86.Build.0 = Debug|Win32
		{EC674F02-4598-404C-B669-B49CED715DE0}.Release|x64.ActiveCfg = Release|x64
		{EC674F02-4598-404C-B669-B49CED715DE0}.Release|x64.Build.0 = Release|x64
		{EC674F02-4598-404C-B669-B49CED715DE0}.Release|x86.ActiveCfg = Release|Win32
		{EC674F02-4598-404C-B669-B49CED715DE0}.Release|x86.Build.0 = Release|Win32
	EndGlobalSection
	GlobalSection(SolutionProperties) = preSolution
		HideSolutionNode = FALSE
	EndGlobalSection
	GlobalSection(ExtensibilityGlobals) = postSolution
		SolutionGuid = {BB83C062-7057-4F6F-BE9B-791DCEB741DC}
	EndGlobalSection
EndGlobal
