
Microsoft Visual Studio Solution File, Format Version 12.00
# Visual Studio Version 16
VisualStudioVersion = 16.0.31321.278
MinimumVisualStudioVersion = 10.0.40219.1
Project("{8BC9CEB8-8B4A-11D0-8D11-00A0C91BC942}") = "String_to_integer_myatoi", "String_to_integer_myatoi\String_to_integer_myatoi.vcxproj", "{FDD3A8E4-A805-4E4E-92EF-B20C9192E763}"
EndProject
Global
	GlobalSection(SolutionConfigurationPlatforms) = preSolution
		Debug|x64 = Debug|x64
		Debug|x86 = Debug|x86
		Release|x64 = Release|x64
		Release|x86 = Release|x86
	EndGlobalSection
	GlobalSection(ProjectConfigurationPlatforms) = postSolution
		{FDD3A8E4-A805-4E4E-92EF-B20C9192E763}.Debug|x64.ActiveCfg = Debug|x64
		{FDD3A8E4-A805-4E4E-92EF-B20C9192E763}.Debug|x64.Build.0 = Debug|x64
		{FDD3A8E4-A805-4E4E-92EF-B20C9192E763}.Debug|x86.ActiveCfg = Debug|Win32
		{FDD3A8E4-A805-4E4E-92EF-B20C9192E763}.Debug|x86.Build.0 = Debug|Win32
		{FDD3A8E4-A805-4E4E-92EF-B20C9192E763}.Release|x64.ActiveCfg = Release|x64
		{FDD3A8E4-A805-4E4E-92EF-B20C9192E763}.Release|x64.Build.0 = Release|x64
		{FDD3A8E4-A805-4E4E-92EF-B20C9192E763}.Release|x86.ActiveCfg = Release|Win32
		{FDD3A8E4-A805-4E4E-92EF-B20C9192E763}.Release|x86.Build.0 = Release|Win32
	EndGlobalSection
	GlobalSection(SolutionProperties) = preSolution
		HideSolutionNode = FALSE
	EndGlobalSection
	GlobalSection(ExtensibilityGlobals) = postSolution
		SolutionGuid = {591AEC36-A8AD-4C46-924A-BEFE3998FB9E}
	EndGlobalSection
EndGlobal
